{
  "version": 4,
  "terraform_version": "1.5.7",
  "serial": 22,
  "lineage": "77e28555-f53f-d0e4-ee31-caf72bd2cd97",
  "outputs": {},
  "resources": [
    {
      "mode": "managed",
      "type": "google_compute_backend_bucket",
      "name": "cdn_backend_bucket",
      "provider": "provider[\"registry.terraform.io/hashicorp/google\"]",
      "instances": [
        {
          "schema_version": 0,
          "attributes": {
            "bucket_name": "poc-test-cdn-bucket",
            "cdn_policy": [
              {
                "signed_url_cache_max_age_sec": 0
              }
            ],
            "creation_timestamp": "2023-10-01T10:22:21.582-07:00",
            "description": "Backend bucket for serving static content through CDN",
            "enable_cdn": true,
            "id": "projects/poc-test-poc/global/backendBuckets/da-poc-test-backend-bucket",
            "name": "da-poc-test-backend-bucket",
            "project": "poc-test-poc",
            "self_link": "https://www.googleapis.com/compute/v1/projects/poc-test-poc/global/backendBuckets/da-poc-test-backend-bucket",
            "timeouts": null
          },
          "sensitive_attributes": [],
          "private": "eyJlMmJmYjczMC1lY2FhLTExZTYtOGY4OC0zNDM2M2JjN2M0YzAiOnsiY3JlYXRlIjoyNDAwMDAwMDAwMDAsImRlbGV0ZSI6MjQwMDAwMDAwMDAwLCJ1cGRhdGUiOjI0MDAwMDAwMDAwMH19",
          "dependencies": [
            "google_storage_bucket.cdn_bucket"
          ]
        }
      ]
    },
    {
      "mode": "managed",
      "type": "google_compute_global_address",
      "name": "cdn_public_address",
      "provider": "provider[\"registry.terraform.io/hashicorp/google\"]",
      "instances": [
        {
          "schema_version": 0,
          "attributes": {
            "address": "35.244.183.51",
            "address_type": "EXTERNAL",
            "creation_timestamp": "2023-10-01T10:21:24.408-07:00",
            "description": "",
            "id": "projects/poc-test-poc/global/addresses/poc-test-cdn-public-address",
            "ip_version": "",
            "name": "poc-test-cdn-public-address",
            "network": "",
            "prefix_length": 0,
            "project": "poc-test-poc",
            "purpose": "",
            "self_link": "https://www.googleapis.com/compute/v1/projects/poc-test-poc/global/addresses/poc-test-cdn-public-address",
            "timeouts": null
          },
          "sensitive_attributes": [],
          "private": "eyJlMmJmYjczMC1lY2FhLTExZTYtOGY4OC0zNDM2M2JjN2M0YzAiOnsiY3JlYXRlIjoyNDAwMDAwMDAwMDAsImRlbGV0ZSI6MjQwMDAwMDAwMDAwfX0="
        }
      ]
    },
    {
      "mode": "managed",
      "type": "google_compute_global_forwarding_rule",
      "name": "cdn_global_forwarding_rule",
      "provider": "provider[\"registry.terraform.io/hashicorp/google\"]",
      "instances": [
        {
          "schema_version": 0,
          "attributes": {
            "description": "",
            "id": "projects/poc-test-poc/global/forwardingRules/poc-test-cdn-global-forwarding-https-rule",
            "ip_address": "35.244.183.51",
            "ip_protocol": "TCP",
            "ip_version": "",
            "load_balancing_scheme": "EXTERNAL",
            "metadata_filters": [],
            "name": "poc-test-cdn-global-forwarding-https-rule",
            "port_range": "443-443",
            "project": "poc-test-poc",
            "self_link": "https://www.googleapis.com/compute/v1/projects/poc-test-poc/global/forwardingRules/poc-test-cdn-global-forwarding-https-rule",
            "target": "https://www.googleapis.com/compute/v1/projects/poc-test-poc/global/targetHttpsProxies/cdn-https-proxy",
            "timeouts": null
          },
          "sensitive_attributes": [],
          "private": "eyJlMmJmYjczMC1lY2FhLTExZTYtOGY4OC0zNDM2M2JjN2M0YzAiOnsiY3JlYXRlIjoyNDAwMDAwMDAwMDAsImRlbGV0ZSI6MjQwMDAwMDAwMDAwLCJ1cGRhdGUiOjI0MDAwMDAwMDAwMH19",
          "dependencies": [
            "google_compute_global_address.cdn_public_address",
            "google_compute_managed_ssl_certificate.cdn_certificate",
            "google_compute_target_https_proxy.cdn_https_proxy",
            "google_compute_url_map.cdn_url_map"
          ]
        }
      ]
    },
    {
      "mode": "managed",
      "type": "google_compute_managed_ssl_certificate",
      "name": "cdn_certificate",
      "provider": "provider[\"registry.terraform.io/hashicorp/google-beta\"]",
      "instances": [
        {
          "schema_version": 0,
          "attributes": {
            "certificate_id": 6277145953802917726,
            "creation_timestamp": "2023-10-01T10:17:37.869-07:00",
            "description": "",
            "expire_time": "",
            "id": "projects/poc-test-poc/global/sslCertificates/cdn-managed-certificate",
            "managed": [
              {
                "domains": [
                  "exampledomain.com"
                ]
              }
            ],
            "name": "cdn-managed-certificate",
            "project": "poc-test-poc",
            "self_link": "https://www.googleapis.com/compute/v1/projects/poc-test-poc/global/sslCertificates/cdn-managed-certificate",
            "subject_alternative_names": [],
            "timeouts": null,
            "type": "MANAGED"
          },
          "sensitive_attributes": [],
          "private": "eyJlMmJmYjczMC1lY2FhLTExZTYtOGY4OC0zNDM2M2JjN2M0YzAiOnsiY3JlYXRlIjozNjAwMDAwMDAwMDAsImRlbGV0ZSI6MTgwMDAwMDAwMDAwMH19"
        }
      ]
    },
    {
      "mode": "managed",
      "type": "google_compute_target_https_proxy",
      "name": "cdn_https_proxy",
      "provider": "provider[\"registry.terraform.io/hashicorp/google\"]",
      "instances": [
        {
          "schema_version": 0,
          "attributes": {
            "creation_timestamp": "2023-10-01T10:24:21.808-07:00",
            "description": "",
            "id": "projects/poc-test-poc/global/targetHttpsProxies/cdn-https-proxy",
            "name": "cdn-https-proxy",
            "project": "poc-test-poc",
            "proxy_id": 7033545812671206826,
            "quic_override": "NONE",
            "self_link": "https://www.googleapis.com/compute/v1/projects/poc-test-poc/global/targetHttpsProxies/cdn-https-proxy",
            "ssl_certificates": [
              "https://www.googleapis.com/compute/v1/projects/poc-test-poc/global/sslCertificates/cdn-managed-certificate"
            ],
            "ssl_policy": "",
            "timeouts": null,
            "url_map": "https://www.googleapis.com/compute/v1/projects/poc-test-poc/global/urlMaps/cdn-url-map"
          },
          "sensitive_attributes": [],
          "private": "eyJlMmJmYjczMC1lY2FhLTExZTYtOGY4OC0zNDM2M2JjN2M0YzAiOnsiY3JlYXRlIjoyNDAwMDAwMDAwMDAsImRlbGV0ZSI6MjQwMDAwMDAwMDAwLCJ1cGRhdGUiOjI0MDAwMDAwMDAwMH19",
          "dependencies": [
            "google_compute_managed_ssl_certificate.cdn_certificate",
            "google_compute_url_map.cdn_url_map"
          ]
        }
      ]
    },
    {
      "mode": "managed",
      "type": "google_compute_url_map",
      "name": "cdn_url_map",
      "provider": "provider[\"registry.terraform.io/hashicorp/google\"]",
      "instances": [
        {
          "schema_version": 0,
          "attributes": {
            "creation_timestamp": "2023-10-01T10:23:25.585-07:00",
            "default_service": "https://www.googleapis.com/compute/v1/projects/poc-test-poc/global/backendBuckets/da-poc-test-backend-bucket",
            "description": "CDN URL map to cdn_backend_bucket",
            "fingerprint": "TosgeMfRDrw=",
            "header_action": [],
            "host_rule": [],
            "id": "projects/poc-test-poc/global/urlMaps/cdn-url-map",
            "map_id": 5027139226025858530,
            "name": "cdn-url-map",
            "path_matcher": [],
            "project": "poc-test-poc",
            "self_link": "https://www.googleapis.com/compute/v1/projects/poc-test-poc/global/urlMaps/cdn-url-map",
            "test": [],
            "timeouts": null
          },
          "sensitive_attributes": [],
          "private": "eyJlMmJmYjczMC1lY2FhLTExZTYtOGY4OC0zNDM2M2JjN2M0YzAiOnsiY3JlYXRlIjoyNDAwMDAwMDAwMDAsImRlbGV0ZSI6MjQwMDAwMDAwMDAwLCJ1cGRhdGUiOjI0MDAwMDAwMDAwMH19",
          "dependencies": [
            "google_compute_backend_bucket.cdn_backend_bucket",
            "google_storage_bucket.cdn_bucket"
          ]
        }
      ]
    },
    {
      "mode": "managed",
      "type": "google_storage_bucket",
      "name": "cdn_bucket",
      "provider": "provider[\"registry.terraform.io/hashicorp/google\"]",
      "instances": [
        {
          "schema_version": 0,
          "attributes": {
            "bucket_policy_only": false,
            "cors": [],
            "encryption": [],
            "force_destroy": false,
            "id": "poc-test-cdn-bucket",
            "labels": {},
            "lifecycle_rule": [],
            "location": "EU",
            "logging": [],
            "name": "poc-test-cdn-bucket",
            "project": "poc-test-poc",
            "requester_pays": false,
            "retention_policy": [],
            "self_link": "https://www.googleapis.com/storage/v1/b/poc-test-cdn-bucket",
            "storage_class": "MULTI_REGIONAL",
            "url": "gs://poc-test-cdn-bucket",
            "versioning": [],
            "website": []
          },
          "sensitive_attributes": [],
          "private": "bnVsbA=="
        }
      ]
    },
    {
      "mode": "managed",
      "type": "google_storage_bucket_iam_member",
      "name": "all_users_viewers",
      "provider": "provider[\"registry.terraform.io/hashicorp/google\"]",
      "instances": [
        {
          "schema_version": 0,
          "attributes": {
            "bucket": "b/poc-test-cdn-bucket",
            "etag": "CAI=",
            "id": "b/poc-test-cdn-bucket/roles/storage.legacyObjectReader/allusers",
            "member": "allUsers",
            "role": "roles/storage.legacyObjectReader"
          },
          "sensitive_attributes": [],
          "private": "bnVsbA==",
          "dependencies": [
            "google_storage_bucket.cdn_bucket"
          ]
        }
      ]
    }
  ],
  "check_results": null
}
